# This file is autogenerated; do not edit manually.
# Python: 3.11
# Generator: pip-tools==7.6.1
# Command: python -m piptools compile pyproject.toml --extra ci --output-file requirements/ci.lock --no-header --no-emit-index-url --no-emit-trusted-host --resolver backtracking --strip-extras --quiet
# Regenerate with: make lock

aiofiles==25.1.0
    # via local-meeting-minutes (pyproject.toml)
annotated-doc==0.0.5
    # via fastapi
annotated-types==0.8.0
    # via pydantic
anyio==4.15.0
    # via starlette
cffi==2.1.1
    # via soundfile
click==8.5.0
    # via uvicorn
fastapi==0.141.1
    # via local-meeting-minutes (pyproject.toml)
h11==0.16.0
    # via uvicorn
idna==3.19
    # via anyio
linkify-it-py==2.2.0
    # via local-meeting-minutes (pyproject.toml)
markdown-it-py==4.2.0
    # via local-meeting-minutes (pyproject.toml)
mdurl==0.1.2
    # via markdown-it-py
numpy==2.4.6
    # via
    #   local-meeting-minutes (pyproject.toml)
    #   soundfile
pillow==12.3.0
    # via local-meeting-minutes (pyproject.toml)
pycparser==3.0
    # via cffi
pydantic==2.13.5
    # via fastapi
pydantic-core==2.46.5
    # via pydantic
python-multipart==0.0.32
    # via local-meeting-minutes (pyproject.toml)
qrcode==8.2
    # via local-meeting-minutes (pyproject.toml)
soundfile==0.14.0
    # via local-meeting-minutes (pyproject.toml)
starlette==1.6.0
    # via fastapi
typing-extensions==4.16.0
    # via
    #   anyio
    #   fastapi
    #   pydantic
    #   pydantic-core
    #   soundfile
    #   starlette
    #   typing-inspection
typing-inspection==0.4.4
    # via
    #   fastapi
    #   pydantic
uvicorn==0.52.4
    # via local-meeting-minutes (pyproject.toml)
yt-dlp==2026.8.19
    # via local-meeting-minutes (pyproject.toml)
